
Microsoft Visual Studio Solution File, Format Version 12.00
# Visual Studio Version 17
VisualStudioVersion = 17.10.35013.160
MinimumVisualStudioVersion = 10.0.40219.1
Project("{FAE04EC0-301F-11D3-BF4B-00C04F79EFBC}") = "CRUDBlazorTest", "CRUDBlazorTest.csproj", "{DEBDF5F7-3E01-43CF-865B-0049E6BC6DE3}"
EndProject
Global
	GlobalSection(SolutionConfigurationPlatforms) = preSolution
		Debug|Any CPU = Debug|Any CPU
		Release|Any CPU = Release|Any CPU
	EndGlobalSection
	GlobalSection(ProjectConfigurationPlatforms) = postSolution
		{DEBDF5F7-3E01-43CF-865B-0049E6BC6DE3}.Debug|Any CPU.ActiveCfg = Debug|Any CPU
		{DEBDF5F7-3E01-43CF-865B-0049E6BC6DE3}.Debug|Any CPU.Build.0 = Debug|Any CPU
		{DEBDF5F7-3E01-43CF-865B-0049E6BC6DE3}.Release|Any CPU.ActiveCfg = Release|Any CPU
		{DEBDF5F7-3E01-43CF-865B-0049E6BC6DE3}.Release|Any CPU.Build.0 = Release|Any CPU
	EndGlobalSection
	GlobalSection(SolutionProperties) = preSolution
		HideSolutionNode = FALSE
	EndGlobalSection
	GlobalSection(ExtensibilityGlobals) = postSolution
		SolutionGuid = {0AFDAFC3-7F79-466B-8C68-FC71B7A16388}
	EndGlobalSection
EndGlobal
